// !$*UTF8*$!
{
	archiveVersion = 1;
	classes = {
	};
	objectVersion = 56;
	objects = {

/* Begin PBXBuildFile section */
		4C48C43A2BD6D9B000ABDE21 /* AppDelegate.swift in Sources */ = {isa = PBXBuildFile; fileRef = 4C48C4392BD6D9B000ABDE21 /* AppDelegate.swift */; };
		4C48C43C2BD6D9B000ABDE21 /* SceneDelegate.swift in Sources */ = {isa = PBXBuildFile; fileRef = 4C48C43B2BD6D9B000ABDE21 /* SceneDelegate.swift */; };
		4C48C43E2BD6D9B000ABDE21 /* ViewController.swift in Sources */ = {isa = PBXBuildFile; fileRef = 4C48C43D2BD6D9B000ABDE21 /* ViewController.swift */; };
		4C48C4412BD6D9B000ABDE21 /* Main.storyboard in Resources */ = {isa = PBXBuildFile; fileRef = 4C48C43F2BD6D9B000ABDE21 /* Main.storyboard */; };
		4C48C4432BD6D9B200ABDE21 /* Assets.xcassets in Resources */ = {isa = PBXBuildFile; fileRef = 4C48C4422BD6D9B200ABDE21 /* Assets.xcassets */; };
		4C48C4462BD6D9B300ABDE21 /* LaunchScreen.storyboard in Resources */ = {isa = PBXBuildFile; fileRef = 4C48C4442BD6D9B300ABDE21 /* LaunchScreen.storyboard */; };
		4C48C4512BD6D9B300ABDE21 /* AutoLayoutExampleTests.swift in Sources */ = {isa = PBXBuildFile; fileRef = 4C48C4502BD6D9B300ABDE21 /* AutoLayoutExampleTests.swift */; };
		4C48C45B2BD6D9B300ABDE21 /* AutoLayoutExampleUITests.swift in Sources */ = {isa = PBXBuildFile; fileRef = 4C48C45A2BD6D9B300ABDE21 /* AutoLayoutExampleUITests.swift */; };
		4C48C45D2BD6D9B300ABDE21 /* AutoLayoutExampleUITestsLaunchTests.swift in Sources */ = {isa = PBXBuildFile; fileRef = 4C48C45C2BD6D9B300ABDE21 /* AutoLayoutExampleUITestsLaunchTests.swift */; };
/* End PBXBuildFile section */

/* Begin PBXContainerItemProxy section */
		4C48C44D2BD6D9B300ABDE21 /* PBXContainerItemProxy */ = {
			isa = PBXContainerItemProxy;
			containerPortal = 4C48C42E2BD6D9B000ABDE21 /* Project object */;
			proxyType = 1;
			remoteGlobalIDString = 4C48C4352BD6D9B000ABDE21;
			remoteInfo = AutoLayoutExample;
		};
		4C48C4572BD6D9B300ABDE21 /* PBXContainerItemProxy */ = {
			isa = PBXContainerItemProxy;
			containerPortal = 4C48C42E2BD6D9B000ABDE21 /* Project object */;
			proxyType = 1;
			remoteGlobalIDString = 4C48C4352BD6D9B000ABDE21;
			remoteInfo = AutoLayoutExample;
		};
/* End PBXContainerItemProxy section */

/* Begin PBXFileReference section */
		4C48C4362BD6D9B000ABDE21 /* AutoLayoutExample.app */ = {isa = PBXFileReference; explicitFileType = wrapper.application; includeInIndex = 0; path = AutoLayoutExample.app; sourceTree = BUILT_PRODUCTS_DIR; };
		4C48C4392BD6D9B000ABDE21 /* AppDelegate.swift */ = {isa = PBXFileReference; lastKnownFileType = sourcecode.swift; path = AppDelegate.swift; sourceTree = "<group>"; };
		4C48C43B2BD6D9B000ABDE21 /* SceneDelegate.swift */ = {isa = PBXFileReference; lastKnownFileType = sourcecode.swift; path = SceneDelegate.swift; sourceTree = "<group>"; };
		4C48C43D2BD6D9B000ABDE21 /* ViewController.swift */ = {isa = PBXFileReference; lastKnownFileType = sourcecode.swift; path = ViewController.swift; sourceTree = "<group>"; };
		4C48C4402BD6D9B000ABDE21 /* Base */ = {isa = PBXFileReference; lastKnownFileType = file.storyboard; name = Base; path = Base.lproj/Main.storyboard; sourceTree = "<group>"; };
		4C48C4422BD6D9B200ABDE21 /* Assets.xcassets */ = {isa = PBXFileReference; lastKnownFileType = folder.assetcatalog; path = Assets.xcassets; sourceTree = "<group>"; };
		4C48C4452BD6D9B300ABDE21 /* Base */ = {isa = PBXFileReference; lastKnownFileType = file.storyboard; name = Base; path = Base.lproj/LaunchScreen.storyboard; sourceTree = "<group>"; };
		4C48C4472BD6D9B300ABDE21 /* Info.plist */ = {isa = PBXFileReference; lastKnownFileType = text.plist.xml; path = Info.plist; sourceTree = "<group>"; };
		4C48C44C2BD6D9B300ABDE21 /* AutoLayoutExampleTests.xctest */ = {isa = PBXFileReference; explicitFileType = wrapper.cfbundle; includeInIndex = 0; path = AutoLayoutExampleTests.xctest; sourceTree = BUILT_PRODUCTS_DIR; };
		4C48C4502BD6D9B300ABDE21 /* AutoLayoutExampleTests.swift */ = {isa = PBXFileReference; lastKnownFileType = sourcecode.swift; path = AutoLayoutExampleTests.swift; sourceTree = "<group>"; };
		4C48C4562BD6D9B300ABDE21 /* AutoLayoutExampleUITests.xctest */ = {isa = PBXFileReference; explicitFileType = wrapper.cfbundle; includeInIndex = 0; path = AutoLayoutExampleUITests.xctest; sourceTree = BUILT_PRODUCTS_DIR; };
		4C48C45A2BD6D9B300ABDE21 /* AutoLayoutExampleUITests.swift */ = {isa = PBXFileReference; lastKnownFileType = sourcecode.swift; path = AutoLayoutExampleUITests.swift; sourceTree = "<group>"; };
		4C48C45C2BD6D9B300ABDE21 /* AutoLayoutExampleUITestsLaunchTests.swift */ = {isa = PBXFileReference; lastKnownFileType = sourcecode.swift; path = AutoLayoutExampleUITestsLaunchTests.swift; sourceTree = "<group>"; };
/* End PBXFileReference section */

/* Begin PBXFrameworksBuildPhase section */
		4C48C4332BD6D9B000ABDE21 /* Frameworks */ = {
			isa = PBXFrameworksBuildPhase;
			buildActionMask = 2147483647;
			files = (
			);
			runOnlyForDeploymentPostprocessing = 0;
		};
		4C48C4492BD6D9B300ABDE21 /* Frameworks */ = {
			isa = PBXFrameworksBuildPhase;
			buildActionMask = 2147483647;
			files = (
			);
			runOnlyForDeploymentPostprocessing = 0;
		};
		4C48C4532BD6D9B300ABDE21 /* Frameworks */ = {
			isa = PBXFrameworksBuildPhase;
			buildActionMask = 2147483647;
			files = (
			);
			runOnlyForDeploymentPostprocessing = 0;
		};
/* End PBXFrameworksBuildPhase section */

/* Begin PBXGroup section */
		4C48C42D2BD6D9B000ABDE21 = {
			isa = PBXGroup;
			children = (
				4C48C4382BD6D9B000ABDE21 /* AutoLayoutExample */,
				4C48C44F2BD6D9B300ABDE21 /* AutoLayoutExampleTests */,
				4C48C4592BD6D9B300ABDE21 /* AutoLayoutExampleUITests */,
				4C48C4372BD6D9B000ABDE21 /* Products */,
			);
			sourceTree = "<group>";
		};
		4C48C4372BD6D9B000ABDE21 /* Products */ = {
			isa = PBXGroup;
			children = (
				4C48C4362BD6D9B000ABDE21 /* AutoLayoutExample.app */,
				4C48C44C2BD6D9B300ABDE21 /* AutoLayoutExampleTests.xctest */,
				4C48C4562BD6D9B300ABDE21 /* AutoLayoutExampleUITests.xctest */,
			);
			name = Products;
			sourceTree = "<group>";
		};
		4C48C4382BD6D9B000ABDE21 /* AutoLayoutExample */ = {
			isa = PBXGroup;
			children = (
				4C48C4392BD6D9B000ABDE21 /* AppDelegate.swift */,
				4C48C43B2BD6D9B000ABDE21 /* SceneDelegate.swift */,
				4C48C43D2BD6D9B000ABDE21 /* ViewController.swift */,
				4C48C43F2BD6D9B000ABDE21 /* Main.storyboard */,
				4C48C4422BD6D9B200ABDE21 /* Assets.xcassets */,
				4C48C4442BD6D9B300ABDE21 /* LaunchScreen.storyboard */,
				4C48C4472BD6D9B300ABDE21 /* Info.plist */,
			);
			path = AutoLayoutExample;
			sourceTree = "<group>";
		};
		4C48C44F2BD6D9B300ABDE21 /* AutoLayoutExampleTests */ = {
			isa = PBXGroup;
			children = (
				4C48C4502BD6D9B300ABDE21 /* AutoLayoutExampleTests.swift */,
			);
			path = AutoLayoutExampleTests;
			sourceTree = "<group>";
		};
		4C48C4592BD6D9B300ABDE21 /* AutoLayoutExampleUITests */ = {
			isa = PBXGroup;
			children = (
				4C48C45A2BD6D9B300ABDE21 /* AutoLayoutExampleUITests.swift */,
				4C48C45C2BD6D9B300ABDE21 /* AutoLayoutExampleUITestsLaunchTests.swift */,
			);
			path = AutoLayoutExampleUITests;
			sourceTree = "<group>";
		};
/* End PBXGroup section */

/* Begin PBXNativeTarget section */
		4C48C4352BD6D9B000ABDE21 /* AutoLayoutExample */ = {
			isa = PBXNativeTarget;
			buildConfigurationList = 4C48C4602BD6D9B300ABDE21 /* Build configuration list for PBXNativeTarget "AutoLayoutExample" */;
			buildPhases = (
				4C48C4322BD6D9B000ABDE21 /* Sources */,
				4C48C4332BD6D9B000ABDE21 /* Frameworks */,
				4C48C4342BD6D9B000ABDE21 /* Resources */,
			);
			buildRules = (
			);
			dependencies = (
			);
			name = AutoLayoutExample;
			productName = AutoLayoutExample;
			productReference = 4C48C4362BD6D9B000ABDE21 /* AutoLayoutExample.app */;
			productType = "com.apple.product-type.application";
		};
		4C48C44B2BD6D9B300ABDE21 /* AutoLayoutExampleTests */ = {
			isa = PBXNativeTarget;
			buildConfigurationList = 4C48C4632BD6D9B300ABDE21 /* Build configuration list for PBXNativeTarget "AutoLayoutExampleTests" */;
			buildPhases = (
				4C48C4482BD6D9B300ABDE21 /* Sources */,
				4C48C4492BD6D9B300ABDE21 /* Frameworks */,
				4C48C44A2BD6D9B300ABDE21 /* Resources */,
			);
			buildRules = (
			);
			dependencies = (
				4C48C44E2BD6D9B300ABDE21 /* PBXTargetDependency */,
			);
			name = AutoLayoutExampleTests;
			productName = AutoLayoutExampleTests;
			productReference = 4C48C44C2BD6D9B300ABDE21 /* AutoLayoutExampleTests.xctest */;
			productType = "com.apple.product-type.bundle.unit-test";
		};
		4C48C4552BD6D9B300ABDE21 /* AutoLayoutExampleUITests */ = {
			isa = PBXNativeTarget;
			buildConfigurationList = 4C48C4662BD6D9B300ABDE21 /* Build configuration list for PBXNativeTarget "AutoLayoutExampleUITests" */;
			buildPhases = (
				4C48C4522BD6D9B300ABDE21 /* Sources */,
				4C48C4532BD6D9B300ABDE21 /* Frameworks */,
				4C48C4542BD6D9B300ABDE21 /* Resources */,
			);
			buildRules = (
			);
			dependencies = (
				4C48C4582BD6D9B300ABDE21 /* PBXTargetDependency */,
			);
			name = AutoLayoutExampleUITests;
			productName = AutoLayoutExampleUITests;
			productReference = 4C48C4562BD6D9B300ABDE21 /* AutoLayoutExampleUITests.xctest */;
			productType = "com.apple.product-type.bundle.ui-testing";
		};
/* End PBXNativeTarget section */

/* Begin PBXProject section */
		4C48C42E2BD6D9B000ABDE21 /* Project object */ = {
			isa = PBXProject;
			attributes = {
				BuildIndependentTargetsInParallel = 1;
				LastSwiftUpdateCheck = 1520;
				LastUpgradeCheck = 1520;
				TargetAttributes = {
					4C48C4352BD6D9B000ABDE21 = {
						CreatedOnToolsVersion = 15.2;
					};
					4C48C44B2BD6D9B300ABDE21 = {
						CreatedOnToolsVersion = 15.2;
						TestTargetID = 4C48C4352BD6D9B000ABDE21;
					};
					4C48C4552BD6D9B300ABDE21 = {
						CreatedOnToolsVersion = 15.2;
						TestTargetID = 4C48C4352BD6D9B000ABDE21;
					};
				};
			};
			buildConfigurationList = 4C48C4312BD6D9B000ABDE21 /* Build configuration list for PBXProject "AutoLayoutExample" */;
			compatibilityVersion = "Xcode 14.0";
			developmentRegion = en;
			hasScannedForEncodings = 0;
			knownRegions = (
				en,
				Base,
			);
			mainGroup = 4C48C42D2BD6D9B000ABDE21;
			productRefGroup = 4C48C4372BD6D9B000ABDE21 /* Products */;
			projectDirPath = "";
			projectRoot = "";
			targets = (
				4C48C4352BD6D9B000ABDE21 /* AutoLayoutExample */,
				4C48C44B2BD6D9B300ABDE21 /* AutoLayoutExampleTests */,
				4C48C4552BD6D9B300ABDE21 /* AutoLayoutExampleUITests */,
			);
		};
/* End PBXProject section */

/* Begin PBXResourcesBuildPhase section */
		4C48C4342BD6D9B000ABDE21 /* Resources */ = {
			isa = PBXResourcesBuildPhase;
			buildActionMask = 2147483647;
			files = (
				4C48C4462BD6D9B300ABDE21 /* LaunchScreen.storyboard in Resources */,
				4C48C4432BD6D9B200ABDE21 /* Assets.xcassets in Resources */,
				4C48C4412BD6D9B000ABDE21 /* Main.storyboard in Resources */,
			);
			runOnlyForDeploymentPostprocessing = 0;
		};
		4C48C44A2BD6D9B300ABDE21 /* Resources */ = {
			isa = PBXResourcesBuildPhase;
			buildActionMask = 2147483647;
			files = (
			);
			runOnlyForDeploymentPostprocessing = 0;
		};
		4C48C4542BD6D9B300ABDE21 /* Resources */ = {
			isa = PBXResourcesBuildPhase;
			buildActionMask = 2147483647;
			files = (
			);
			runOnlyForDeploymentPostprocessing = 0;
		};
/* End PBXResourcesBuildPhase section */

/* Begin PBXSourcesBuildPhase section */
		4C48C4322BD6D9B000ABDE21 /* Sources */ = {
			isa = PBXSourcesBuildPhase;
			buildActionMask = 2147483647;
			files = (
				4C48C43E2BD6D9B000ABDE21 /* ViewController.swift in Sources */,
				4C48C43A2BD6D9B000ABDE21 /* AppDelegate.swift in Sources */,
				4C48C43C2BD6D9B000ABDE21 /* SceneDelegate.swift in Sources */,
			);
			runOnlyForDeploymentPostprocessing = 0;
		};
		4C48C4482BD6D9B300ABDE21 /* Sources */ = {
			isa = PBXSourcesBuildPhase;
			buildActionMask = 2147483647;
			files = (
				4C48C4512BD6D9B300ABDE21 /* AutoLayoutExampleTests.swift in Sources */,
			);
			runOnlyForDeploymentPostprocessing = 0;
		};
		4C48C4522BD6D9B300ABDE21 /* Sources */ = {
			isa = PBXSourcesBuildPhase;
			buildActionMask = 2147483647;
			files = (
				4C48C45D2BD6D9B300ABDE21 /* AutoLayoutExampleUITestsLaunchTests.swift in Sources */,
				4C48C45B2BD6D9B300ABDE21 /* AutoLayoutExampleUITests.swift in Sources */,
			);
			runOnlyForDeploymentPostprocessing = 0;
		};
/* End PBXSourcesBuildPhase section */

/* Begin PBXTargetDependency section */
		4C48C44E2BD6D9B300ABDE21 /* PBXTargetDependency */ = {
			isa = PBXTargetDependency;
			target = 4C48C4352BD6D9B000ABDE21 /* AutoLayoutExample */;
			targetProxy = 4C48C44D2BD6D9B300ABDE21 /* PBXContainerItemProxy */;
		};
		4C48C4582BD6D9B300ABDE21 /* PBXTargetDependency */ = {
			isa = PBXTargetDependency;
			target = 4C48C4352BD6D9B000ABDE21 /* AutoLayoutExample */;
			targetProxy = 4C48C4572BD6D9B300ABDE21 /* PBXContainerItemProxy */;
		};
/* End PBXTargetDependency section */

/* Begin PBXVariantGroup section */
		4C48C43F2BD6D9B000ABDE21 /* Main.storyboard */ = {
			isa = PBXVariantGroup;
			children = (
				4C48C4402BD6D9B000ABDE21 /* Base */,
			);
			name = Main.storyboard;
			sourceTree = "<group>";
		};
		4C48C4442BD6D9B300ABDE21 /* LaunchScreen.storyboard */ = {
			isa = PBXVariantGroup;
			children = (
				4C48C4452BD6D9B300ABDE21 /* Base */,
			);
			name = LaunchScreen.storyboard;
			sourceTree = "<group>";
		};
/* End PBXVariantGroup section */

/* Begin XCBuildConfiguration section */
		4C48C45E2BD6D9B300ABDE21 /* Debug */ = {
			isa = XCBuildConfiguration;
			buildSettings = {
				ALWAYS_SEARCH_USER_PATHS = NO;
				ASSETCATALOG_COMPILER_GENERATE_SWIFT_ASSET_SYMBOL_EXTENSIONS = YES;
				CLANG_ANALYZER_NONNULL = YES;
				CLANG_ANALYZER_NUMBER_OBJECT_CONVERSION = YES_AGGRESSIVE;
				CLANG_CXX_LANGUAGE_STANDARD = "gnu++20";
				CLANG_ENABLE_MODULES = YES;
				CLANG_ENABLE_OBJC_ARC = YES;
				CLANG_ENABLE_OBJC_WEAK = YES;
				CLANG_WARN_BLOCK_CAPTURE_AUTORELEASING = YES;
				CLANG_WARN_BOOL_CONVERSION = YES;
				CLANG_WARN_COMMA = YES;
				CLANG_WARN_CONSTANT_CONVERSION = YES;
				CLANG_WARN_DEPRECATED_OBJC_IMPLEMENTATIONS = YES;
				CLANG_WARN_DIRECT_OBJC_ISA_USAGE = YES_ERROR;
				CLANG_WARN_DOCUMENTATION_COMMENTS = YES;
				CLANG_WARN_EMPTY_BODY = YES;
				CLANG_WARN_ENUM_CONVERSION = YES;
				CLANG_WARN_INFINITE_RECURSION = YES;
				CLANG_WARN_INT_CONVERSION = YES;
				CLANG_WARN_NON_LITERAL_NULL_CONVERSION = YES;
				CLANG_WARN_OBJC_IMPLICIT_RETAIN_SELF = YES;
				CLANG_WARN_OBJC_LITERAL_CONVERSION = YES;
				CLANG_WARN_OBJC_ROOT_CLASS = YES_ERROR;
				CLANG_WARN_QUOTED_INCLUDE_IN_FRAMEWORK_HEADER = YES;
				CLANG_WARN_RANGE_LOOP_ANALYSIS = YES;
				CLANG_WARN_STRICT_PROTOTYPES = YES;
				CLANG_WARN_SUSPICIOUS_MOVE = YES;
				CLANG_WARN_UNGUARDED_AVAILABILITY = YES_AGGRESSIVE;
				CLANG_WARN_UNREACHABLE_CODE = YES;
				CLANG_WARN__DUPLICATE_METHOD_MATCH = YES;
				COPY_PHASE_STRIP = NO;
				DEBUG_INFORMATION_FORMAT = dwarf;
				ENABLE_STRICT_OBJC_MSGSEND = YES;
				ENABLE_TESTABILITY = YES;
				ENABLE_USER_SCRIPT_SANDBOXING = YES;
				GCC_C_LANGUAGE_STANDARD = gnu17;
				GCC_DYNAMIC_NO_PIC = NO;
				GCC_NO_COMMON_BLOCKS = YES;
				GCC_OPTIMIZATION_LEVEL = 0;
				GCC_PREPROCESSOR_DEFINITIONS = (
					"DEBUG=1",
					"$(inherited)",
				);
				GCC_WARN_64_TO_32_BIT_CONVERSION = YES;
				GCC_WARN_ABOUT_RETURN_TYPE = YES_ERROR;
				GCC_WARN_UNDECLARED_SELECTOR = YES;
				GCC_WARN_UNINITIALIZED_AUTOS = YES_AGGRESSIVE;
				GCC_WARN_UNUSED_FUNCTION = YES;
				GCC_WARN_UNUSED_VARIABLE = YES;
				IPHONEOS_DEPLOYMENT_TARGET = 17.2;
				LOCALIZATION_PREFERS_STRING_CATALOGS = YES;
				MTL_ENABLE_DEBUG_INFO = INCLUDE_SOURCE;
				MTL_FAST_MATH = YES;
				ONLY_ACTIVE_ARCH = YES;
				SDKROOT = iphoneos;
				SWIFT_ACTIVE_COMPILATION_CONDITIONS = "DEBUG $(inherited)";
				SWIFT_OPTIMIZATION_LEVEL = "-Onone";
			};
			name = Debug;
		};
		4C48C45F2BD6D9B300ABDE21 /* Release */ = {
			isa = XCBuildConfiguration;
			buildSettings = {
				ALWAYS_SEARCH_USER_PATHS = NO;
				ASSETCATALOG_COMPILER_GENERATE_SWIFT_ASSET_SYMBOL_EXTENSIONS = YES;
				CLANG_ANALYZER_NONNULL = YES;
				CLANG_ANALYZER_NUMBER_OBJECT_CONVERSION = YES_AGGRESSIVE;
				CLANG_CXX_LANGUAGE_STANDARD = "gnu++20";
				CLANG_ENABLE_MODULES = YES;
				CLANG_ENABLE_OBJC_ARC = YES;
				CLANG_ENABLE_OBJC_WEAK = YES;
				CLANG_WARN_BLOCK_CAPTURE_AUTORELEASING = YES;
				CLANG_WARN_BOOL_CONVERSION = YES;
				CLANG_WARN_COMMA = YES;
				CLANG_WARN_CONSTANT_CONVERSION = YES;
				CLANG_WARN_DEPRECATED_OBJC_IMPLEMENTATIONS = YES;
				CLANG_WARN_DIRECT_OBJC_ISA_USAGE = YES_ERROR;
				CLANG_WARN_DOCUMENTATION_COMMENTS = YES;
				CLANG_WARN_EMPTY_BODY = YES;
				CLANG_WARN_ENUM_CONVERSION = YES;
				CLANG_WARN_INFINITE_RECURSION = YES;
				CLANG_WARN_INT_CONVERSION = YES;
				CLANG_WARN_NON_LITERAL_NULL_CONVERSION = YES;
				CLANG_WARN_OBJC_IMPLICIT_RETAIN_SELF = YES;
				CLANG_WARN_OBJC_LITERAL_CONVERSION = YES;
				CLANG_WARN_OBJC_ROOT_CLASS = YES_ERROR;
				CLANG_WARN_QUOTED_INCLUDE_IN_FRAMEWORK_HEADER = YES;
				CLANG_WARN_RANGE_LOOP_ANALYSIS = YES;
				CLANG_WARN_STRICT_PROTOTYPES = YES;
				CLANG_WARN_SUSPICIOUS_MOVE = YES;
				CLANG_WARN_UNGUARDED_AVAILABILITY = YES_AGGRESSIVE;
				CLANG_WARN_UNREACHABLE_CODE = YES;
				CLANG_WARN__DUPLICATE_METHOD_MATCH = YES;
				COPY_PHASE_STRIP = NO;
				DEBUG_INFORMATION_FORMAT = "dwarf-with-dsym";
				ENABLE_NS_ASSERTIONS = NO;
				ENABLE_STRICT_OBJC_MSGSEND = YES;
				ENABLE_USER_SCRIPT_SANDBOXING = YES;
				GCC_C_LANGUAGE_STANDARD = gnu17;
				GCC_NO_COMMON_BLOCKS = YES;
				GCC_WARN_64_TO_32_BIT_CONVERSION = YES;
				GCC_WARN_ABOUT_RETURN_TYPE = YES_ERROR;
				GCC_WARN_UNDECLARED_SELECTOR = YES;
				GCC_WARN_UNINITIALIZED_AUTOS = YES_AGGRESSIVE;
				GCC_WARN_UNUSED_FUNCTION = YES;
				GCC_WARN_UNUSED_VARIABLE = YES;
				IPHONEOS_DEPLOYMENT_TARGET = 17.2;
				LOCALIZATION_PREFERS_STRING_CATALOGS = YES;
				MTL_ENABLE_DEBUG_INFO = NO;
				MTL_FAST_MATH = YES;
				SDKROOT = iphoneos;
				SWIFT_COMPILATION_MODE = wholemodule;
				VALIDATE_PRODUCT = YES;
			};
			name = Release;
		};
		4C48C4612BD6D9B300ABDE21 /* Debug */ = {
			isa = XCBuildConfiguration;
			buildSettings = {
				ASSETCATALOG_COMPILER_APPICON_NAME = AppIcon;
				ASSETCATALOG_COMPILER_GLOBAL_ACCENT_COLOR_NAME = AccentColor;
				CODE_SIGN_STYLE = Automatic;
				CURRENT_PROJECT_VERSION = 1;
				DEVELOPMENT_TEAM = VDU6B4F478;
				GENERATE_INFOPLIST_FILE = YES;
				INFOPLIST_FILE = AutoLayoutExample/Info.plist;
				INFOPLIST_KEY_UIApplicationSupportsIndirectInputEvents = YES;
				INFOPLIST_KEY_UILaunchStoryboardName = LaunchScreen;
				INFOPLIST_KEY_UIMainStoryboardFile = Main;
				INFOPLIST_KEY_UISupportedInterfaceOrientations_iPad = "UIInterfaceOrientationPortrait UIInterfaceOrientationPortraitUpsideDown UIInterfaceOrientationLandscapeLeft UIInterfaceOrientationLandscapeRight";
				INFOPLIST_KEY_UISupportedInterfaceOrientations_iPhone = "UIInterfaceOrientationPortrait UIInterfaceOrientationLandscapeLeft UIInterfaceOrientationLandscapeRight";
				LD_RUNPATH_SEARCH_PATHS = (
					"$(inherited)",
					"@executable_path/Frameworks",
				);
				MARKETING_VERSION = 1.0;
				PRODUCT_BUNDLE_IDENTIFIER = "San-nimona-com.github.AutoLayoutExample";
				PRODUCT_NAME = "$(TARGET_NAME)";
				SWIFT_EMIT_LOC_STRINGS = YES;
				SWIFT_VERSION = 5.0;
				TARGETED_DEVICE_FAMILY = "1,2";
			};
			name = Debug;
		};
		4C48C4622BD6D9B300ABDE21 /* Release */ = {
			isa = XCBuildConfiguration;
			buildSettings = {
				ASSETCATALOG_COMPILER_APPICON_NAME = AppIcon;
				ASSETCATALOG_COMPILER_GLOBAL_ACCENT_COLOR_NAME = AccentColor;
				CODE_SIGN_STYLE = Automatic;
				CURRENT_PROJECT_VERSION = 1;
				DEVELOPMENT_TEAM = VDU6B4F478;
				GENERATE_INFOPLIST_FILE = YES;
				INFOPLIST_FILE = AutoLayoutExample/Info.plist;
				INFOPLIST_KEY_UIApplicationSupportsIndirectInputEvents = YES;
				INFOPLIST_KEY_UILaunchStoryboardName = LaunchScreen;
				INFOPLIST_KEY_UIMainStoryboardFile = Main;
				INFOPLIST_KEY_UISupportedInterfaceOrientations_iPad = "UIInterfaceOrientationPortrait UIInterfaceOrientationPortraitUpsideDown UIInterfaceOrientationLandscapeLeft UIInterfaceOrientationLandscapeRight";
				INFOPLIST_KEY_UISupportedInterfaceOrientations_iPhone = "UIInterfaceOrientationPortrait UIInterfaceOrientationLandscapeLeft UIInterfaceOrientationLandscapeRight";
				LD_RUNPATH_SEARCH_PATHS = (
					"$(inherited)",
					"@executable_path/Frameworks",
				);
				MARKETING_VERSION = 1.0;
				PRODUCT_BUNDLE_IDENTIFIER = "San-nimona-com.github.AutoLayoutExample";
				PRODUCT_NAME = "$(TARGET_NAME)";
				SWIFT_EMIT_LOC_STRINGS = YES;
				SWIFT_VERSION = 5.0;
				TARGETED_DEVICE_FAMILY = "1,2";
			};
			name = Release;
		};
		4C48C4642BD6D9B300ABDE21 /* Debug */ = {
			isa = XCBuildConfiguration;
			buildSettings = {
				ALWAYS_EMBED_SWIFT_STANDARD_LIBRARIES = YES;
				BUNDLE_LOADER = "$(TEST_HOST)";
				CODE_SIGN_STYLE = Automatic;
				CURRENT_PROJECT_VERSION = 1;
				DEVELOPMENT_TEAM = VDU6B4F478;
				GENERATE_INFOPLIST_FILE = YES;
				IPHONEOS_DEPLOYMENT_TARGET = 17.2;
				MARKETING_VERSION = 1.0;
				PRODUCT_BUNDLE_IDENTIFIER = "San-nimona-com.github.AutoLayoutExampleTests";
				PRODUCT_NAME = "$(TARGET_NAME)";
				SWIFT_EMIT_LOC_STRINGS = NO;
				SWIFT_VERSION = 5.0;
				TARGETED_DEVICE_FAMILY = "1,2";
				TEST_HOST = "$(BUILT_PRODUCTS_DIR)/AutoLayoutExample.app/$(BUNDLE_EXECUTABLE_FOLDER_PATH)/AutoLayoutExample";
			};
			name = Debug;
		};
		4C48C4652BD6D9B300ABDE21 /* Release */ = {
			isa = XCBuildConfiguration;
			buildSettings = {
				ALWAYS_EMBED_SWIFT_STANDARD_LIBRARIES = YES;
				BUNDLE_LOADER = "$(TEST_HOST)";
				CODE_SIGN_STYLE = Automatic;
				CURRENT_PROJECT_VERSION = 1;
				DEVELOPMENT_TEAM = VDU6B4F478;
				GENERATE_INFOPLIST_FILE = YES;
				IPHONEOS_DEPLOYMENT_TARGET = 17.2;
				MARKETING_VERSION = 1.0;
				PRODUCT_BUNDLE_IDENTIFIER = "San-nimona-com.github.AutoLayoutExampleTests";
				PRODUCT_NAME = "$(TARGET_NAME)";
				SWIFT_EMIT_LOC_STRINGS = NO;
				SWIFT_VERSION = 5.0;
				TARGETED_DEVICE_FAMILY = "1,2";
				TEST_HOST = "$(BUILT_PRODUCTS_DIR)/AutoLayoutExample.app/$(BUNDLE_EXECUTABLE_FOLDER_PATH)/AutoLayoutExample";
			};
			name = Release;
		};
		4C48C4672BD6D9B300ABDE21 /* Debug */ = {
			isa = XCBuildConfiguration;
			buildSettings = {
				ALWAYS_EMBED_SWIFT_STANDARD_LIBRARIES = YES;
				CODE_SIGN_STYLE = Automatic;
				CURRENT_PROJECT_VERSION = 1;
				DEVELOPMENT_TEAM = VDU6B4F478;
				GENERATE_INFOPLIST_FILE = YES;
				MARKETING_VERSION = 1.0;
				PRODUCT_BUNDLE_IDENTIFIER = "San-nimona-com.github.AutoLayoutExampleUITests";
				PRODUCT_NAME = "$(TARGET_NAME)";
				SWIFT_EMIT_LOC_STRINGS = NO;
				SWIFT_VERSION = 5.0;
				TARGETED_DEVICE_FAMILY = "1,2";
				TEST_TARGET_NAME = AutoLayoutExample;
			};
			name = Debug;
		};
		4C48C4682BD6D9B300ABDE21 /* Release */ = {
			isa = XCBuildConfiguration;
			buildSettings = {
				ALWAYS_EMBED_SWIFT_STANDARD_LIBRARIES = YES;
				CODE_SIGN_STYLE = Automatic;
				CURRENT_PROJECT_VERSION = 1;
				DEVELOPMENT_TEAM = VDU6B4F478;
				GENERATE_INFOPLIST_FILE = YES;
				MARKETING_VERSION = 1.0;
				PRODUCT_BUNDLE_IDENTIFIER = "San-nimona-com.github.AutoLayoutExampleUITests";
				PRODUCT_NAME = "$(TARGET_NAME)";
				SWIFT_EMIT_LOC_STRINGS = NO;
				SWIFT_VERSION = 5.0;
				TARGETED_DEVICE_FAMILY = "1,2";
				TEST_TARGET_NAME = AutoLayoutExample;
			};
			name = Release;
		};
/* End XCBuildConfiguration section */

/* Begin XCConfigurationList section */
		4C48C4312BD6D9B000ABDE21 /* Build configuration list for PBXProject "AutoLayoutExample" */ = {
			isa = XCConfigurationList;
			buildConfigurations = (
				4C48C45E2BD6D9B300ABDE21 /* Debug */,
				4C48C45F2BD6D9B300ABDE21 /* Release */,
			);
			defaultConfigurationIsVisible = 0;
			defaultConfigurationName = Release;
		};
		4C48C4602BD6D9B300ABDE21 /* Build configuration list for PBXNativeTarget "AutoLayoutExample" */ = {
			isa = XCConfigurationList;
			buildConfigurations = (
				4C48C4612BD6D9B300ABDE21 /* Debug */,
				4C48C4622BD6D9B300ABDE21 /* Release */,
			);
			defaultConfigurationIsVisible = 0;
			defaultConfigurationName = Release;
		};
		4C48C4632BD6D9B300ABDE21 /* Build configuration list for PBXNativeTarget "AutoLayoutExampleTests" */ = {
			isa = XCConfigurationList;
			buildConfigurations = (
				4C48C4642BD6D9B300ABDE21 /* Debug */,
				4C48C4652BD6D9B300ABDE21 /* Release */,
			);
			defaultConfigurationIsVisible = 0;
			defaultConfigurationName = Release;
		};
		4C48C4662BD6D9B300ABDE21 /* Build configuration list for PBXNativeTarget "AutoLayoutExampleUITests" */ = {
			isa = XCConfigurationList;
			buildConfigurations = (
				4C48C4672BD6D9B300ABDE21 /* Debug */,
				4C48C4682BD6D9B300ABDE21 /* Release */,
			);
			defaultConfigurationIsVisible = 0;
			defaultConfigurationName = Release;
		};
/* End XCConfigurationList section */
	};
	rootObject = 4C48C42E2BD6D9B000ABDE21 /* Project object */;
}
