// !$*UTF8*$!
{
	archiveVersion = 1;
	classes = {
	};
	objectVersion = 56;
	objects = {

/* Begin PBXBuildFile section */
		4CF240F72BC6F96200B106DA /* AppDelegate.swift in Sources */ = {isa = PBXBuildFile; fileRef = 4CF240F62BC6F96200B106DA /* AppDelegate.swift */; };
		4CF240F92BC6F96200B106DA /* SceneDelegate.swift in Sources */ = {isa = PBXBuildFile; fileRef = 4CF240F82BC6F96200B106DA /* SceneDelegate.swift */; };
		4CF240FB2BC6F96200B106DA /* ViewController.swift in Sources */ = {isa = PBXBuildFile; fileRef = 4CF240FA2BC6F96200B106DA /* ViewController.swift */; };
		4CF240FE2BC6F96200B106DA /* Main.storyboard in Resources */ = {isa = PBXBuildFile; fileRef = 4CF240FC2BC6F96200B106DA /* Main.storyboard */; };
		4CF241002BC6F96500B106DA /* Assets.xcassets in Resources */ = {isa = PBXBuildFile; fileRef = 4CF240FF2BC6F96500B106DA /* Assets.xcassets */; };
		4CF241032BC6F96500B106DA /* LaunchScreen.storyboard in Resources */ = {isa = PBXBuildFile; fileRef = 4CF241012BC6F96500B106DA /* LaunchScreen.storyboard */; };
		4CF2410E2BC6F96500B106DA /* UnitConverterTests.swift in Sources */ = {isa = PBXBuildFile; fileRef = 4CF2410D2BC6F96500B106DA /* UnitConverterTests.swift */; };
		4CF241182BC6F96500B106DA /* UnitConverterUITests.swift in Sources */ = {isa = PBXBuildFile; fileRef = 4CF241172BC6F96500B106DA /* UnitConverterUITests.swift */; };
		4CF2411A2BC6F96500B106DA /* UnitConverterUITestsLaunchTests.swift in Sources */ = {isa = PBXBuildFile; fileRef = 4CF241192BC6F96500B106DA /* UnitConverterUITestsLaunchTests.swift */; };
/* End PBXBuildFile section */

/* Begin PBXContainerItemProxy section */
		4CF2410A2BC6F96500B106DA /* PBXContainerItemProxy */ = {
			isa = PBXContainerItemProxy;
			containerPortal = 4CF240EB2BC6F96200B106DA /* Project object */;
			proxyType = 1;
			remoteGlobalIDString = 4CF240F22BC6F96200B106DA;
			remoteInfo = UnitConverter;
		};
		4CF241142BC6F96500B106DA /* PBXContainerItemProxy */ = {
			isa = PBXContainerItemProxy;
			containerPortal = 4CF240EB2BC6F96200B106DA /* Project object */;
			proxyType = 1;
			remoteGlobalIDString = 4CF240F22BC6F96200B106DA;
			remoteInfo = UnitConverter;
		};
/* End PBXContainerItemProxy section */

/* Begin PBXFileReference section */
		4CF240F32BC6F96200B106DA /* UnitConverter.app */ = {isa = PBXFileReference; explicitFileType = wrapper.application; includeInIndex = 0; path = UnitConverter.app; sourceTree = BUILT_PRODUCTS_DIR; };
		4CF240F62BC6F96200B106DA /* AppDelegate.swift */ = {isa = PBXFileReference; lastKnownFileType = sourcecode.swift; path = AppDelegate.swift; sourceTree = "<group>"; };
		4CF240F82BC6F96200B106DA /* SceneDelegate.swift */ = {isa = PBXFileReference; lastKnownFileType = sourcecode.swift; path = SceneDelegate.swift; sourceTree = "<group>"; };
		4CF240FA2BC6F96200B106DA /* ViewController.swift */ = {isa = PBXFileReference; lastKnownFileType = sourcecode.swift; path = ViewController.swift; sourceTree = "<group>"; };
		4CF240FD2BC6F96200B106DA /* Base */ = {isa = PBXFileReference; lastKnownFileType = file.storyboard; name = Base; path = Base.lproj/Main.storyboard; sourceTree = "<group>"; };
		4CF240FF2BC6F96500B106DA /* Assets.xcassets */ = {isa = PBXFileReference; lastKnownFileType = folder.assetcatalog; path = Assets.xcassets; sourceTree = "<group>"; };
		4CF241022BC6F96500B106DA /* Base */ = {isa = PBXFileReference; lastKnownFileType = file.storyboard; name = Base; path = Base.lproj/LaunchScreen.storyboard; sourceTree = "<group>"; };
		4CF241042BC6F96500B106DA /* Info.plist */ = {isa = PBXFileReference; lastKnownFileType = text.plist.xml; path = Info.plist; sourceTree = "<group>"; };
		4CF241092BC6F96500B106DA /* UnitConverterTests.xctest */ = {isa = PBXFileReference; explicitFileType = wrapper.cfbundle; includeInIndex = 0; path = UnitConverterTests.xctest; sourceTree = BUILT_PRODUCTS_DIR; };
		4CF2410D2BC6F96500B106DA /* UnitConverterTests.swift */ = {isa = PBXFileReference; lastKnownFileType = sourcecode.swift; path = UnitConverterTests.swift; sourceTree = "<group>"; };
		4CF241132BC6F96500B106DA /* UnitConverterUITests.xctest */ = {isa = PBXFileReference; explicitFileType = wrapper.cfbundle; includeInIndex = 0; path = UnitConverterUITests.xctest; sourceTree = BUILT_PRODUCTS_DIR; };
		4CF241172BC6F96500B106DA /* UnitConverterUITests.swift */ = {isa = PBXFileReference; lastKnownFileType = sourcecode.swift; path = UnitConverterUITests.swift; sourceTree = "<group>"; };
		4CF241192BC6F96500B106DA /* UnitConverterUITestsLaunchTests.swift */ = {isa = PBXFileReference; lastKnownFileType = sourcecode.swift; path = UnitConverterUITestsLaunchTests.swift; sourceTree = "<group>"; };
/* End PBXFileReference section */

/* Begin PBXFrameworksBuildPhase section */
		4CF240F02BC6F96200B106DA /* Frameworks */ = {
			isa = PBXFrameworksBuildPhase;
			buildActionMask = 2147483647;
			files = (
			);
			runOnlyForDeploymentPostprocessing = 0;
		};
		4CF241062BC6F96500B106DA /* Frameworks */ = {
			isa = PBXFrameworksBuildPhase;
			buildActionMask = 2147483647;
			files = (
			);
			runOnlyForDeploymentPostprocessing = 0;
		};
		4CF241102BC6F96500B106DA /* Frameworks */ = {
			isa = PBXFrameworksBuildPhase;
			buildActionMask = 2147483647;
			files = (
			);
			runOnlyForDeploymentPostprocessing = 0;
		};
/* End PBXFrameworksBuildPhase section */

/* Begin PBXGroup section */
		4CF240EA2BC6F96200B106DA = {
			isa = PBXGroup;
			children = (
				4CF240F52BC6F96200B106DA /* UnitConverter */,
				4CF2410C2BC6F96500B106DA /* UnitConverterTests */,
				4CF241162BC6F96500B106DA /* UnitConverterUITests */,
				4CF240F42BC6F96200B106DA /* Products */,
			);
			sourceTree = "<group>";
		};
		4CF240F42BC6F96200B106DA /* Products */ = {
			isa = PBXGroup;
			children = (
				4CF240F32BC6F96200B106DA /* UnitConverter.app */,
				4CF241092BC6F96500B106DA /* UnitConverterTests.xctest */,
				4CF241132BC6F96500B106DA /* UnitConverterUITests.xctest */,
			);
			name = Products;
			sourceTree = "<group>";
		};
		4CF240F52BC6F96200B106DA /* UnitConverter */ = {
			isa = PBXGroup;
			children = (
				4CF240F62BC6F96200B106DA /* AppDelegate.swift */,
				4CF240F82BC6F96200B106DA /* SceneDelegate.swift */,
				4CF240FA2BC6F96200B106DA /* ViewController.swift */,
				4CF240FC2BC6F96200B106DA /* Main.storyboard */,
				4CF240FF2BC6F96500B106DA /* Assets.xcassets */,
				4CF241012BC6F96500B106DA /* LaunchScreen.storyboard */,
				4CF241042BC6F96500B106DA /* Info.plist */,
			);
			path = UnitConverter;
			sourceTree = "<group>";
		};
		4CF2410C2BC6F96500B106DA /* UnitConverterTests */ = {
			isa = PBXGroup;
			children = (
				4CF2410D2BC6F96500B106DA /* UnitConverterTests.swift */,
			);
			path = UnitConverterTests;
			sourceTree = "<group>";
		};
		4CF241162BC6F96500B106DA /* UnitConverterUITests */ = {
			isa = PBXGroup;
			children = (
				4CF241172BC6F96500B106DA /* UnitConverterUITests.swift */,
				4CF241192BC6F96500B106DA /* UnitConverterUITestsLaunchTests.swift */,
			);
			path = UnitConverterUITests;
			sourceTree = "<group>";
		};
/* End PBXGroup section */

/* Begin PBXNativeTarget section */
		4CF240F22BC6F96200B106DA /* UnitConverter */ = {
			isa = PBXNativeTarget;
			buildConfigurationList = 4CF2411D2BC6F96500B106DA /* Build configuration list for PBXNativeTarget "UnitConverter" */;
			buildPhases = (
				4CF240EF2BC6F96200B106DA /* Sources */,
				4CF240F02BC6F96200B106DA /* Frameworks */,
				4CF240F12BC6F96200B106DA /* Resources */,
			);
			buildRules = (
			);
			dependencies = (
			);
			name = UnitConverter;
			productName = UnitConverter;
			productReference = 4CF240F32BC6F96200B106DA /* UnitConverter.app */;
			productType = "com.apple.product-type.application";
		};
		4CF241082BC6F96500B106DA /* UnitConverterTests */ = {
			isa = PBXNativeTarget;
			buildConfigurationList = 4CF241202BC6F96500B106DA /* Build configuration list for PBXNativeTarget "UnitConverterTests" */;
			buildPhases = (
				4CF241052BC6F96500B106DA /* Sources */,
				4CF241062BC6F96500B106DA /* Frameworks */,
				4CF241072BC6F96500B106DA /* Resources */,
			);
			buildRules = (
			);
			dependencies = (
				4CF2410B2BC6F96500B106DA /* PBXTargetDependency */,
			);
			name = UnitConverterTests;
			productName = UnitConverterTests;
			productReference = 4CF241092BC6F96500B106DA /* UnitConverterTests.xctest */;
			productType = "com.apple.product-type.bundle.unit-test";
		};
		4CF241122BC6F96500B106DA /* UnitConverterUITests */ = {
			isa = PBXNativeTarget;
			buildConfigurationList = 4CF241232BC6F96500B106DA /* Build configuration list for PBXNativeTarget "UnitConverterUITests" */;
			buildPhases = (
				4CF2410F2BC6F96500B106DA /* Sources */,
				4CF241102BC6F96500B106DA /* Frameworks */,
				4CF241112BC6F96500B106DA /* Resources */,
			);
			buildRules = (
			);
			dependencies = (
				4CF241152BC6F96500B106DA /* PBXTargetDependency */,
			);
			name = UnitConverterUITests;
			productName = UnitConverterUITests;
			productReference = 4CF241132BC6F96500B106DA /* UnitConverterUITests.xctest */;
			productType = "com.apple.product-type.bundle.ui-testing";
		};
/* End PBXNativeTarget section */

/* Begin PBXProject section */
		4CF240EB2BC6F96200B106DA /* Project object */ = {
			isa = PBXProject;
			attributes = {
				BuildIndependentTargetsInParallel = 1;
				LastSwiftUpdateCheck = 1520;
				LastUpgradeCheck = 1520;
				TargetAttributes = {
					4CF240F22BC6F96200B106DA = {
						CreatedOnToolsVersion = 15.2;
					};
					4CF241082BC6F96500B106DA = {
						CreatedOnToolsVersion = 15.2;
						TestTargetID = 4CF240F22BC6F96200B106DA;
					};
					4CF241122BC6F96500B106DA = {
						CreatedOnToolsVersion = 15.2;
						TestTargetID = 4CF240F22BC6F96200B106DA;
					};
				};
			};
			buildConfigurationList = 4CF240EE2BC6F96200B106DA /* Build configuration list for PBXProject "UnitConverter" */;
			compatibilityVersion = "Xcode 14.0";
			developmentRegion = en;
			hasScannedForEncodings = 0;
			knownRegions = (
				en,
				Base,
			);
			mainGroup = 4CF240EA2BC6F96200B106DA;
			productRefGroup = 4CF240F42BC6F96200B106DA /* Products */;
			projectDirPath = "";
			projectRoot = "";
			targets = (
				4CF240F22BC6F96200B106DA /* UnitConverter */,
				4CF241082BC6F96500B106DA /* UnitConverterTests */,
				4CF241122BC6F96500B106DA /* UnitConverterUITests */,
			);
		};
/* End PBXProject section */

/* Begin PBXResourcesBuildPhase section */
		4CF240F12BC6F96200B106DA /* Resources */ = {
			isa = PBXResourcesBuildPhase;
			buildActionMask = 2147483647;
			files = (
				4CF241032BC6F96500B106DA /* LaunchScreen.storyboard in Resources */,
				4CF241002BC6F96500B106DA /* Assets.xcassets in Resources */,
				4CF240FE2BC6F96200B106DA /* Main.storyboard in Resources */,
			);
			runOnlyForDeploymentPostprocessing = 0;
		};
		4CF241072BC6F96500B106DA /* Resources */ = {
			isa = PBXResourcesBuildPhase;
			buildActionMask = 2147483647;
			files = (
			);
			runOnlyForDeploymentPostprocessing = 0;
		};
		4CF241112BC6F96500B106DA /* Resources */ = {
			isa = PBXResourcesBuildPhase;
			buildActionMask = 2147483647;
			files = (
			);
			runOnlyForDeploymentPostprocessing = 0;
		};
/* End PBXResourcesBuildPhase section */

/* Begin PBXSourcesBuildPhase section */
		4CF240EF2BC6F96200B106DA /* Sources */ = {
			isa = PBXSourcesBuildPhase;
			buildActionMask = 2147483647;
			files = (
				4CF240FB2BC6F96200B106DA /* ViewController.swift in Sources */,
				4CF240F72BC6F96200B106DA /* AppDelegate.swift in Sources */,
				4CF240F92BC6F96200B106DA /* SceneDelegate.swift in Sources */,
			);
			runOnlyForDeploymentPostprocessing = 0;
		};
		4CF241052BC6F96500B106DA /* Sources */ = {
			isa = PBXSourcesBuildPhase;
			buildActionMask = 2147483647;
			files = (
				4CF2410E2BC6F96500B106DA /* UnitConverterTests.swift in Sources */,
			);
			runOnlyForDeploymentPostprocessing = 0;
		};
		4CF2410F2BC6F96500B106DA /* Sources */ = {
			isa = PBXSourcesBuildPhase;
			buildActionMask = 2147483647;
			files = (
				4CF241182BC6F96500B106DA /* UnitConverterUITests.swift in Sources */,
				4CF2411A2BC6F96500B106DA /* UnitConverterUITestsLaunchTests.swift in Sources */,
			);
			runOnlyForDeploymentPostprocessing = 0;
		};
/* End PBXSourcesBuildPhase section */

/* Begin PBXTargetDependency section */
		4CF2410B2BC6F96500B106DA /* PBXTargetDependency */ = {
			isa = PBXTargetDependency;
			target = 4CF240F22BC6F96200B106DA /* UnitConverter */;
			targetProxy = 4CF2410A2BC6F96500B106DA /* PBXContainerItemProxy */;
		};
		4CF241152BC6F96500B106DA /* PBXTargetDependency */ = {
			isa = PBXTargetDependency;
			target = 4CF240F22BC6F96200B106DA /* UnitConverter */;
			targetProxy = 4CF241142BC6F96500B106DA /* PBXContainerItemProxy */;
		};
/* End PBXTargetDependency section */

/* Begin PBXVariantGroup section */
		4CF240FC2BC6F96200B106DA /* Main.storyboard */ = {
			isa = PBXVariantGroup;
			children = (
				4CF240FD2BC6F96200B106DA /* Base */,
			);
			name = Main.storyboard;
			sourceTree = "<group>";
		};
		4CF241012BC6F96500B106DA /* LaunchScreen.storyboard */ = {
			isa = PBXVariantGroup;
			children = (
				4CF241022BC6F96500B106DA /* Base */,
			);
			name = LaunchScreen.storyboard;
			sourceTree = "<group>";
		};
/* End PBXVariantGroup section */

/* Begin XCBuildConfiguration section */
		4CF2411B2BC6F96500B106DA /* Debug */ = {
			isa = XCBuildConfiguration;
			buildSettings = {
				ALWAYS_SEARCH_USER_PATHS = NO;
				ASSETCATALOG_COMPILER_GENERATE_SWIFT_ASSET_SYMBOL_EXTENSIONS = YES;
				CLANG_ANALYZER_NONNULL = YES;
				CLANG_ANALYZER_NUMBER_OBJECT_CONVERSION = YES_AGGRESSIVE;
				CLANG_CXX_LANGUAGE_STANDARD = "gnu++20";
				CLANG_ENABLE_MODULES = YES;
				CLANG_ENABLE_OBJC_ARC = YES;
				CLANG_ENABLE_OBJC_WEAK = YES;
				CLANG_WARN_BLOCK_CAPTURE_AUTORELEASING = YES;
				CLANG_WARN_BOOL_CONVERSION = YES;
				CLANG_WARN_COMMA = YES;
				CLANG_WARN_CONSTANT_CONVERSION = YES;
				CLANG_WARN_DEPRECATED_OBJC_IMPLEMENTATIONS = YES;
				CLANG_WARN_DIRECT_OBJC_ISA_USAGE = YES_ERROR;
				CLANG_WARN_DOCUMENTATION_COMMENTS = YES;
				CLANG_WARN_EMPTY_BODY = YES;
				CLANG_WARN_ENUM_CONVERSION = YES;
				CLANG_WARN_INFINITE_RECURSION = YES;
				CLANG_WARN_INT_CONVERSION = YES;
				CLANG_WARN_NON_LITERAL_NULL_CONVERSION = YES;
				CLANG_WARN_OBJC_IMPLICIT_RETAIN_SELF = YES;
				CLANG_WARN_OBJC_LITERAL_CONVERSION = YES;
				CLANG_WARN_OBJC_ROOT_CLASS = YES_ERROR;
				CLANG_WARN_QUOTED_INCLUDE_IN_FRAMEWORK_HEADER = YES;
				CLANG_WARN_RANGE_LOOP_ANALYSIS = YES;
				CLANG_WARN_STRICT_PROTOTYPES = YES;
				CLANG_WARN_SUSPICIOUS_MOVE = YES;
				CLANG_WARN_UNGUARDED_AVAILABILITY = YES_AGGRESSIVE;
				CLANG_WARN_UNREACHABLE_CODE = YES;
				CLANG_WARN__DUPLICATE_METHOD_MATCH = YES;
				COPY_PHASE_STRIP = NO;
				DEBUG_INFORMATION_FORMAT = dwarf;
				ENABLE_STRICT_OBJC_MSGSEND = YES;
				ENABLE_TESTABILITY = YES;
				ENABLE_USER_SCRIPT_SANDBOXING = YES;
				GCC_C_LANGUAGE_STANDARD = gnu17;
				GCC_DYNAMIC_NO_PIC = NO;
				GCC_NO_COMMON_BLOCKS = YES;
				GCC_OPTIMIZATION_LEVEL = 0;
				GCC_PREPROCESSOR_DEFINITIONS = (
					"DEBUG=1",
					"$(inherited)",
				);
				GCC_WARN_64_TO_32_BIT_CONVERSION = YES;
				GCC_WARN_ABOUT_RETURN_TYPE = YES_ERROR;
				GCC_WARN_UNDECLARED_SELECTOR = YES;
				GCC_WARN_UNINITIALIZED_AUTOS = YES_AGGRESSIVE;
				GCC_WARN_UNUSED_FUNCTION = YES;
				GCC_WARN_UNUSED_VARIABLE = YES;
				IPHONEOS_DEPLOYMENT_TARGET = 17.2;
				LOCALIZATION_PREFERS_STRING_CATALOGS = YES;
				MTL_ENABLE_DEBUG_INFO = INCLUDE_SOURCE;
				MTL_FAST_MATH = YES;
				ONLY_ACTIVE_ARCH = YES;
				SDKROOT = iphoneos;
				SWIFT_ACTIVE_COMPILATION_CONDITIONS = "DEBUG $(inherited)";
				SWIFT_OPTIMIZATION_LEVEL = "-Onone";
			};
			name = Debug;
		};
		4CF2411C2BC6F96500B106DA /* Release */ = {
			isa = XCBuildConfiguration;
			buildSettings = {
				ALWAYS_SEARCH_USER_PATHS = NO;
				ASSETCATALOG_COMPILER_GENERATE_SWIFT_ASSET_SYMBOL_EXTENSIONS = YES;
				CLANG_ANALYZER_NONNULL = YES;
				CLANG_ANALYZER_NUMBER_OBJECT_CONVERSION = YES_AGGRESSIVE;
				CLANG_CXX_LANGUAGE_STANDARD = "gnu++20";
				CLANG_ENABLE_MODULES = YES;
				CLANG_ENABLE_OBJC_ARC = YES;
				CLANG_ENABLE_OBJC_WEAK = YES;
				CLANG_WARN_BLOCK_CAPTURE_AUTORELEASING = YES;
				CLANG_WARN_BOOL_CONVERSION = YES;
				CLANG_WARN_COMMA = YES;
				CLANG_WARN_CONSTANT_CONVERSION = YES;
				CLANG_WARN_DEPRECATED_OBJC_IMPLEMENTATIONS = YES;
				CLANG_WARN_DIRECT_OBJC_ISA_USAGE = YES_ERROR;
				CLANG_WARN_DOCUMENTATION_COMMENTS = YES;
				CLANG_WARN_EMPTY_BODY = YES;
				CLANG_WARN_ENUM_CONVERSION = YES;
				CLANG_WARN_INFINITE_RECURSION = YES;
				CLANG_WARN_INT_CONVERSION = YES;
				CLANG_WARN_NON_LITERAL_NULL_CONVERSION = YES;
				CLANG_WARN_OBJC_IMPLICIT_RETAIN_SELF = YES;
				CLANG_WARN_OBJC_LITERAL_CONVERSION = YES;
				CLANG_WARN_OBJC_ROOT_CLASS = YES_ERROR;
				CLANG_WARN_QUOTED_INCLUDE_IN_FRAMEWORK_HEADER = YES;
				CLANG_WARN_RANGE_LOOP_ANALYSIS = YES;
				CLANG_WARN_STRICT_PROTOTYPES = YES;
				CLANG_WARN_SUSPICIOUS_MOVE = YES;
				CLANG_WARN_UNGUARDED_AVAILABILITY = YES_AGGRESSIVE;
				CLANG_WARN_UNREACHABLE_CODE = YES;
				CLANG_WARN__DUPLICATE_METHOD_MATCH = YES;
				COPY_PHASE_STRIP = NO;
				DEBUG_INFORMATION_FORMAT = "dwarf-with-dsym";
				ENABLE_NS_ASSERTIONS = NO;
				ENABLE_STRICT_OBJC_MSGSEND = YES;
				ENABLE_USER_SCRIPT_SANDBOXING = YES;
				GCC_C_LANGUAGE_STANDARD = gnu17;
				GCC_NO_COMMON_BLOCKS = YES;
				GCC_WARN_64_TO_32_BIT_CONVERSION = YES;
				GCC_WARN_ABOUT_RETURN_TYPE = YES_ERROR;
				GCC_WARN_UNDECLARED_SELECTOR = YES;
				GCC_WARN_UNINITIALIZED_AUTOS = YES_AGGRESSIVE;
				GCC_WARN_UNUSED_FUNCTION = YES;
				GCC_WARN_UNUSED_VARIABLE = YES;
				IPHONEOS_DEPLOYMENT_TARGET = 17.2;
				LOCALIZATION_PREFERS_STRING_CATALOGS = YES;
				MTL_ENABLE_DEBUG_INFO = NO;
				MTL_FAST_MATH = YES;
				SDKROOT = iphoneos;
				SWIFT_COMPILATION_MODE = wholemodule;
				VALIDATE_PRODUCT = YES;
			};
			name = Release;
		};
		4CF2411E2BC6F96500B106DA /* Debug */ = {
			isa = XCBuildConfiguration;
			buildSettings = {
				ASSETCATALOG_COMPILER_APPICON_NAME = AppIcon;
				ASSETCATALOG_COMPILER_GLOBAL_ACCENT_COLOR_NAME = AccentColor;
				CODE_SIGN_STYLE = Automatic;
				CURRENT_PROJECT_VERSION = 1;
				DEVELOPMENT_TEAM = VDU6B4F478;
				GENERATE_INFOPLIST_FILE = YES;
				INFOPLIST_FILE = UnitConverter/Info.plist;
				INFOPLIST_KEY_UIApplicationSupportsIndirectInputEvents = YES;
				INFOPLIST_KEY_UILaunchStoryboardName = LaunchScreen;
				INFOPLIST_KEY_UIMainStoryboardFile = Main;
				INFOPLIST_KEY_UISupportedInterfaceOrientations_iPad = "UIInterfaceOrientationPortrait UIInterfaceOrientationPortraitUpsideDown UIInterfaceOrientationLandscapeLeft UIInterfaceOrientationLandscapeRight";
				INFOPLIST_KEY_UISupportedInterfaceOrientations_iPhone = "UIInterfaceOrientationPortrait UIInterfaceOrientationLandscapeLeft UIInterfaceOrientationLandscapeRight";
				LD_RUNPATH_SEARCH_PATHS = (
					"$(inherited)",
					"@executable_path/Frameworks",
				);
				MARKETING_VERSION = 1.0;
				PRODUCT_BUNDLE_IDENTIFIER = "San-nimona-com.github.UnitConverter";
				PRODUCT_NAME = "$(TARGET_NAME)";
				SWIFT_EMIT_LOC_STRINGS = YES;
				SWIFT_VERSION = 5.0;
				TARGETED_DEVICE_FAMILY = "1,2";
			};
			name = Debug;
		};
		4CF2411F2BC6F96500B106DA /* Release */ = {
			isa = XCBuildConfiguration;
			buildSettings = {
				ASSETCATALOG_COMPILER_APPICON_NAME = AppIcon;
				ASSETCATALOG_COMPILER_GLOBAL_ACCENT_COLOR_NAME = AccentColor;
				CODE_SIGN_STYLE = Automatic;
				CURRENT_PROJECT_VERSION = 1;
				DEVELOPMENT_TEAM = VDU6B4F478;
				GENERATE_INFOPLIST_FILE = YES;
				INFOPLIST_FILE = UnitConverter/Info.plist;
				INFOPLIST_KEY_UIApplicationSupportsIndirectInputEvents = YES;
				INFOPLIST_KEY_UILaunchStoryboardName = LaunchScreen;
				INFOPLIST_KEY_UIMainStoryboardFile = Main;
				INFOPLIST_KEY_UISupportedInterfaceOrientations_iPad = "UIInterfaceOrientationPortrait UIInterfaceOrientationPortraitUpsideDown UIInterfaceOrientationLandscapeLeft UIInterfaceOrientationLandscapeRight";
				INFOPLIST_KEY_UISupportedInterfaceOrientations_iPhone = "UIInterfaceOrientationPortrait UIInterfaceOrientationLandscapeLeft UIInterfaceOrientationLandscapeRight";
				LD_RUNPATH_SEARCH_PATHS = (
					"$(inherited)",
					"@executable_path/Frameworks",
				);
				MARKETING_VERSION = 1.0;
				PRODUCT_BUNDLE_IDENTIFIER = "San-nimona-com.github.UnitConverter";
				PRODUCT_NAME = "$(TARGET_NAME)";
				SWIFT_EMIT_LOC_STRINGS = YES;
				SWIFT_VERSION = 5.0;
				TARGETED_DEVICE_FAMILY = "1,2";
			};
			name = Release;
		};
		4CF241212BC6F96500B106DA /* Debug */ = {
			isa = XCBuildConfiguration;
			buildSettings = {
				ALWAYS_EMBED_SWIFT_STANDARD_LIBRARIES = YES;
				BUNDLE_LOADER = "$(TEST_HOST)";
				CODE_SIGN_STYLE = Automatic;
				CURRENT_PROJECT_VERSION = 1;
				DEVELOPMENT_TEAM = VDU6B4F478;
				GENERATE_INFOPLIST_FILE = YES;
				IPHONEOS_DEPLOYMENT_TARGET = 17.2;
				MARKETING_VERSION = 1.0;
				PRODUCT_BUNDLE_IDENTIFIER = "San-nimona-com.github.UnitConverterTests";
				PRODUCT_NAME = "$(TARGET_NAME)";
				SWIFT_EMIT_LOC_STRINGS = NO;
				SWIFT_VERSION = 5.0;
				TARGETED_DEVICE_FAMILY = "1,2";
				TEST_HOST = "$(BUILT_PRODUCTS_DIR)/UnitConverter.app/$(BUNDLE_EXECUTABLE_FOLDER_PATH)/UnitConverter";
			};
			name = Debug;
		};
		4CF241222BC6F96500B106DA /* Release */ = {
			isa = XCBuildConfiguration;
			buildSettings = {
				ALWAYS_EMBED_SWIFT_STANDARD_LIBRARIES = YES;
				BUNDLE_LOADER = "$(TEST_HOST)";
				CODE_SIGN_STYLE = Automatic;
				CURRENT_PROJECT_VERSION = 1;
				DEVELOPMENT_TEAM = VDU6B4F478;
				GENERATE_INFOPLIST_FILE = YES;
				IPHONEOS_DEPLOYMENT_TARGET = 17.2;
				MARKETING_VERSION = 1.0;
				PRODUCT_BUNDLE_IDENTIFIER = "San-nimona-com.github.UnitConverterTests";
				PRODUCT_NAME = "$(TARGET_NAME)";
				SWIFT_EMIT_LOC_STRINGS = NO;
				SWIFT_VERSION = 5.0;
				TARGETED_DEVICE_FAMILY = "1,2";
				TEST_HOST = "$(BUILT_PRODUCTS_DIR)/UnitConverter.app/$(BUNDLE_EXECUTABLE_FOLDER_PATH)/UnitConverter";
			};
			name = Release;
		};
		4CF241242BC6F96500B106DA /* Debug */ = {
			isa = XCBuildConfiguration;
			buildSettings = {
				ALWAYS_EMBED_SWIFT_STANDARD_LIBRARIES = YES;
				CODE_SIGN_STYLE = Automatic;
				CURRENT_PROJECT_VERSION = 1;
				DEVELOPMENT_TEAM = VDU6B4F478;
				GENERATE_INFOPLIST_FILE = YES;
				MARKETING_VERSION = 1.0;
				PRODUCT_BUNDLE_IDENTIFIER = "San-nimona-com.github.UnitConverterUITests";
				PRODUCT_NAME = "$(TARGET_NAME)";
				SWIFT_EMIT_LOC_STRINGS = NO;
				SWIFT_VERSION = 5.0;
				TARGETED_DEVICE_FAMILY = "1,2";
				TEST_TARGET_NAME = UnitConverter;
			};
			name = Debug;
		};
		4CF241252BC6F96500B106DA /* Release */ = {
			isa = XCBuildConfiguration;
			buildSettings = {
				ALWAYS_EMBED_SWIFT_STANDARD_LIBRARIES = YES;
				CODE_SIGN_STYLE = Automatic;
				CURRENT_PROJECT_VERSION = 1;
				DEVELOPMENT_TEAM = VDU6B4F478;
				GENERATE_INFOPLIST_FILE = YES;
				MARKETING_VERSION = 1.0;
				PRODUCT_BUNDLE_IDENTIFIER = "San-nimona-com.github.UnitConverterUITests";
				PRODUCT_NAME = "$(TARGET_NAME)";
				SWIFT_EMIT_LOC_STRINGS = NO;
				SWIFT_VERSION = 5.0;
				TARGETED_DEVICE_FAMILY = "1,2";
				TEST_TARGET_NAME = UnitConverter;
			};
			name = Release;
		};
/* End XCBuildConfiguration section */

/* Begin XCConfigurationList section */
		4CF240EE2BC6F96200B106DA /* Build configuration list for PBXProject "UnitConverter" */ = {
			isa = XCConfigurationList;
			buildConfigurations = (
				4CF2411B2BC6F96500B106DA /* Debug */,
				4CF2411C2BC6F96500B106DA /* Release */,
			);
			defaultConfigurationIsVisible = 0;
			defaultConfigurationName = Release;
		};
		4CF2411D2BC6F96500B106DA /* Build configuration list for PBXNativeTarget "UnitConverter" */ = {
			isa = XCConfigurationList;
			buildConfigurations = (
				4CF2411E2BC6F96500B106DA /* Debug */,
				4CF2411F2BC6F96500B106DA /* Release */,
			);
			defaultConfigurationIsVisible = 0;
			defaultConfigurationName = Release;
		};
		4CF241202BC6F96500B106DA /* Build configuration list for PBXNativeTarget "UnitConverterTests" */ = {
			isa = XCConfigurationList;
			buildConfigurations = (
				4CF241212BC6F96500B106DA /* Debug */,
				4CF241222BC6F96500B106DA /* Release */,
			);
			defaultConfigurationIsVisible = 0;
			defaultConfigurationName = Release;
		};
		4CF241232BC6F96500B106DA /* Build configuration list for PBXNativeTarget "UnitConverterUITests" */ = {
			isa = XCConfigurationList;
			buildConfigurations = (
				4CF241242BC6F96500B106DA /* Debug */,
				4CF241252BC6F96500B106DA /* Release */,
			);
			defaultConfigurationIsVisible = 0;
			defaultConfigurationName = Release;
		};
/* End XCConfigurationList section */
	};
	rootObject = 4CF240EB2BC6F96200B106DA /* Project object */;
}
